
Microsoft Visual Studio Solution File, Format Version 12.00
# Visual Studio Version 17
VisualStudioVersion = 17.1.32228.430
MinimumVisualStudioVersion = 10.0.40219.1
Project("{FAE04EC0-301F-11D3-BF4B-00C04F79EFBC}") = "RPC", "RPC\RPC.csproj", "{5607C0C3-CBE3-4FD7-867E-0F32E86BAA8A}"
EndProject
Global
	GlobalSection(SolutionConfigurationPlatforms) = preSolution
		Debug|Any CPU = Debug|Any CPU
		Release|Any CPU = Release|Any CPU
	EndGlobalSection
	GlobalSection(ProjectConfigurationPlatforms) = postSolution
		{5607C0C3-CBE3-4FD7-867E-0F32E86BAA8A}.Debug|Any CPU.ActiveCfg = Debug|Any CPU
		{5607C0C3-CBE3-4FD7-867E-0F32E86BAA8A}.Debug|Any CPU.Build.0 = Debug|Any CPU
		{5607C0C3-CBE3-4FD7-867E-0F32E86BAA8A}.Release|Any CPU.ActiveCfg = Release|Any CPU
		{5607C0C3-CBE3-4FD7-867E-0F32E86BAA8A}.Release|Any CPU.Build.0 = Release|Any CPU
	EndGlobalSection
	GlobalSection(SolutionProperties) = preSolution
		HideSolutionNode = FALSE
	EndGlobalSection
	GlobalSection(ExtensibilityGlobals) = postSolution
		SolutionGuid = {8FFDD569-FF13-418A-976F-AC6F554E8E5C}
	EndGlobalSection
EndGlobal
